
Microsoft Visual Studio Solution File, Format Version 12.00
# Visual Studio Version 17
VisualStudioVersion = 17.5.33516.290
MinimumVisualStudioVersion = 10.0.40219.1
Project("{8BC9CEB8-8B4A-11D0-8D11-00A0C91BC942}") = "괄호채크", "괄호채크\괄호채크.vcxproj", "{71D8DEE9-11B3-457D-8A63-38B1878D5BD2}"
EndProject
Project("{8BC9CEB8-8B4A-11D0-8D11-00A0C91BC942}") = "괄호채크를채크", "괄호채크를채크\괄호채크를채크.vcxproj", "{04A38A89-DDCB-4226-908F-24BDE354A44C}"
EndProject
Project("{8BC9CEB8-8B4A-11D0-8D11-00A0C91BC942}") = "알파벳피라미드", "알파벳피라미드\알파벳피라미드.vcxproj", "{23176EC7-8F1B-486F-92BD-34422B10FFFD}"
EndProject
Global
	GlobalSection(SolutionConfigurationPlatforms) = preSolution
		Debug|x64 = Debug|x64
		Debug|x86 = Debug|x86
		Release|x64 = Release|x64
		Release|x86 = Release|x86
	EndGlobalSection
	GlobalSection(ProjectConfigurationPlatforms) = postSolution
		{71D8DEE9-11B3-457D-8A63-38B1878D5BD2}.Debug|x64.ActiveCfg = Debug|x64
		{71D8DEE9-11B3-457D-8A63-38B1878D5BD2}.Debug|x64.Build.0 = Debug|x64
		{71D8DEE9-11B3-457D-8A63-38B1878D5BD2}.Debug|x86.ActiveCfg = Debug|Win32
		{71D8DEE9-11B3-457D-8A63-38B1878D5BD2}.Debug|x86.Build.0 = Debug|Win32
		{71D8DEE9-11B3-457D-8A63-38B1878D5BD2}.Release|x64.ActiveCfg = Release|x64
		{71D8DEE9-11B3-457D-8A63-38B1878D5BD2}.Release|x64.Build.0 = Release|x64
		{71D8DEE9-11B3-457D-8A63-38B1878D5BD2}.Release|x86.ActiveCfg = Release|Win32
		{71D8DEE9-11B3-457D-8A63-38B1878D5BD2}.Release|x86.Build.0 = Release|Win32
		{04A38A89-DDCB-4226-908F-24BDE354A44C}.Debug|x64.ActiveCfg = Debug|x64
		{04A38A89-DDCB-4226-908F-24BDE354A44C}.Debug|x64.Build.0 = Debug|x64
		{04A38A89-DDCB-4226-908F-24BDE354A44C}.Debug|x86.ActiveCfg = Debug|Win32
		{04A38A89-DDCB-4226-908F-24BDE354A44C}.Debug|x86.Build.0 = Debug|Win32
		{04A38A89-DDCB-4226-908F-24BDE354A44C}.Release|x64.ActiveCfg = Release|x64
		{04A38A89-DDCB-4226-908F-24BDE354A44C}.Release|x64.Build.0 = Release|x64
		{04A38A89-DDCB-4226-908F-24BDE354A44C}.Release|x86.ActiveCfg = Release|Win32
		{04A38A89-DDCB-4226-908F-24BDE354A44C}.Release|x86.Build.0 = Release|Win32
		{23176EC7-8F1B-486F-92BD-34422B10FFFD}.Debug|x64.ActiveCfg = Debug|x64
		{23176EC7-8F1B-486F-92BD-34422B10FFFD}.Debug|x64.Build.0 = Debug|x64
		{23176EC7-8F1B-486F-92BD-34422B10FFFD}.Debug|x86.ActiveCfg = Debug|Win32
		{23176EC7-8F1B-486F-92BD-34422B10FFFD}.Debug|x86.Build.0 = Debug|Win32
		{23176EC7-8F1B-486F-92BD-34422B10FFFD}.Release|x64.ActiveCfg = Release|x64
		{23176EC7-8F1B-486F-92BD-34422B10FFFD}.Release|x64.Build.0 = Release|x64
		{23176EC7-8F1B-486F-92BD-34422B10FFFD}.Release|x86.ActiveCfg = Release|Win32
		{23176EC7-8F1B-486F-92BD-34422B10FFFD}.Release|x86.Build.0 = Release|Win32
	EndGlobalSection
	GlobalSection(SolutionProperties) = preSolution
		HideSolutionNode = FALSE
	EndGlobalSection
	GlobalSection(ExtensibilityGlobals) = postSolution
		SolutionGuid = {F18D58EB-DC76-4ECC-9C69-546C378DAE84}
	EndGlobalSection
EndGlobal
